PODS:
  - LiveSDK (5.6.2)
  - PNChartSwift (0.0.2)
  - TesseractOCRiOS (4.0.0)

DEPENDENCIES:
  - LiveSDK
  - PNChartSwift (from `https://github.com/kevinzhow/PNChart-Swift.git`)
  - TesseractOCRiOS (= 4.0.0)

EXTERNAL SOURCES:
  PNChartSwift:
    :git: https://github.com/kevinzhow/PNChart-Swift.git

CHECKOUT OPTIONS:
  PNChartSwift:
    :commit: 88eb8bcb4cd415d02775b2d355542b8bd338712d
    :git: https://github.com/kevinzhow/PNChart-Swift.git

SPEC CHECKSUMS:
  LiveSDK: 893e20f06cc1838e14ec31ecf8f64ad3d18810c9
  PNChartSwift: bcdfbffd65920072463eff42d0dfb46189bf4495
  TesseractOCRiOS: 90638afbe43d082433f2e76b384c7901d23956df

COCOAPODS: 0.38.2
